<?xml version="1.0" encoding="UTF-8"?>
<!DOCTYPE plist PUBLIC "-//Apple//DTD PLIST 1.0//EN" "http://www.apple.com/DTDs/PropertyList-1.0.dtd">
<plist version="1.0">
<dict>
	<key>archiveVersion</key>
	<string>1</string>
	<key>classes</key>
	<dict/>
	<key>objectVersion</key>
	<string>46</string>
	<key>objects</key>
	<dict>
		<key>249C435918FFD739002FDC3F</key>
		<dict>
			<key>children</key>
			<array>
				<string>249C436B18FFD739002FDC3F</string>
				<string>249C438D18FFD739002FDC3F</string>
				<string>249C436418FFD739002FDC3F</string>
				<string>249C436318FFD739002FDC3F</string>
			</array>
			<key>isa</key>
			<string>PBXGroup</string>
			<key>sourceTree</key>
			<string>&lt;group&gt;</string>
		</dict>
		<key>249C435A18FFD739002FDC3F</key>
		<dict>
			<key>attributes</key>
			<dict>
				<key>LastUpgradeCheck</key>
				<string>0500</string>
				<key>ORGANIZATIONNAME</key>
				<string>Vini Gupta</string>
				<key>TargetAttributes</key>
				<dict>
					<key>249C438518FFD739002FDC3F</key>
					<dict>
						<key>TestTargetID</key>
						<string>249C436118FFD739002FDC3F</string>
					</dict>
				</dict>
			</dict>
			<key>buildConfigurationList</key>
			<string>249C435D18FFD739002FDC3F</string>
			<key>compatibilityVersion</key>
			<string>Xcode 3.2</string>
			<key>developmentRegion</key>
			<string>English</string>
			<key>hasScannedForEncodings</key>
			<string>0</string>
			<key>isa</key>
			<string>PBXProject</string>
			<key>knownRegions</key>
			<array>
				<string>en</string>
				<string>Base</string>
			</array>
			<key>mainGroup</key>
			<string>249C435918FFD739002FDC3F</string>
			<key>productRefGroup</key>
			<string>249C436318FFD739002FDC3F</string>
			<key>projectDirPath</key>
			<string></string>
			<key>projectReferences</key>
			<array/>
			<key>projectRoot</key>
			<string></string>
			<key>targets</key>
			<array>
				<string>249C436118FFD739002FDC3F</string>
				<string>249C438518FFD739002FDC3F</string>
			</array>
		</dict>
		<key>249C435D18FFD739002FDC3F</key>
		<dict>
			<key>buildConfigurations</key>
			<array>
				<string>249C439518FFD739002FDC3F</string>
				<string>249C439618FFD739002FDC3F</string>
			</array>
			<key>defaultConfigurationIsVisible</key>
			<string>0</string>
			<key>defaultConfigurationName</key>
			<string>Release</string>
			<key>isa</key>
			<string>XCConfigurationList</string>
		</dict>
		<key>249C435E18FFD739002FDC3F</key>
		<dict>
			<key>buildActionMask</key>
			<string>2147483647</string>
			<key>files</key>
			<array>
				<string>249C437F18FFD739002FDC3F</string>
				<string>24E39163190A77E600871379</string>
				<string>249C43A119001B59002FDC3F</string>
				<string>249C437618FFD739002FDC3F</string>
				<string>249C437218FFD739002FDC3F</string>
			</array>
			<key>isa</key>
			<string>PBXSourcesBuildPhase</string>
			<key>runOnlyForDeploymentPostprocessing</key>
			<string>0</string>
		</dict>
		<key>249C435F18FFD739002FDC3F</key>
		<dict>
			<key>buildActionMask</key>
			<string>2147483647</string>
			<key>files</key>
			<array>
				<string>249C436818FFD739002FDC3F</string>
				<string>249C436A18FFD739002FDC3F</string>
				<string>249C436618FFD739002FDC3F</string>
			</array>
			<key>isa</key>
			<string>PBXFrameworksBuildPhase</string>
			<key>runOnlyForDeploymentPostprocessing</key>
			<string>0</string>
		</dict>
		<key>249C436018FFD739002FDC3F</key>
		<dict>
			<key>buildActionMask</key>
			<string>2147483647</string>
			<key>files</key>
			<array>
				<string>249C437C18FFD739002FDC3F</string>
				<string>249C438118FFD739002FDC3F</string>
				<string>249C437918FFD739002FDC3F</string>
				<string>249C437018FFD739002FDC3F</string>
			</array>
			<key>isa</key>
			<string>PBXResourcesBuildPhase</string>
			<key>runOnlyForDeploymentPostprocessing</key>
			<string>0</string>
		</dict>
		<key>249C436118FFD739002FDC3F</key>
		<dict>
			<key>buildConfigurationList</key>
			<string>249C439718FFD739002FDC3F</string>
			<key>buildPhases</key>
			<array>
				<string>249C435E18FFD739002FDC3F</string>
				<string>249C435F18FFD739002FDC3F</string>
				<string>249C436018FFD739002FDC3F</string>
			</array>
			<key>buildRules</key>
			<array/>
			<key>dependencies</key>
			<array/>
			<key>isa</key>
			<string>PBXNativeTarget</string>
			<key>name</key>
			<string>Calculator</string>
			<key>productName</key>
			<string>Calculator</string>
			<key>productReference</key>
			<string>249C436218FFD739002FDC3F</string>
			<key>productType</key>
			<string>com.apple.product-type.application</string>
		</dict>
		<key>249C436218FFD739002FDC3F</key>
		<dict>
			<key>explicitFileType</key>
			<string>wrapper.application</string>
			<key>includeInIndex</key>
			<string>0</string>
			<key>isa</key>
			<string>PBXFileReference</string>
			<key>path</key>
			<string>Calculator.app</string>
			<key>sourceTree</key>
			<string>BUILT_PRODUCTS_DIR</string>
		</dict>
		<key>249C436318FFD739002FDC3F</key>
		<dict>
			<key>children</key>
			<array>
				<string>249C436218FFD739002FDC3F</string>
				<string>249C438618FFD739002FDC3F</string>
			</array>
			<key>isa</key>
			<string>PBXGroup</string>
			<key>name</key>
			<string>Products</string>
			<key>sourceTree</key>
			<string>&lt;group&gt;</string>
		</dict>
		<key>249C436418FFD739002FDC3F</key>
		<dict>
			<key>children</key>
			<array>
				<string>249C436518FFD739002FDC3F</string>
				<string>249C436718FFD739002FDC3F</string>
				<string>249C436918FFD739002FDC3F</string>
				<string>249C438718FFD739002FDC3F</string>
			</array>
			<key>isa</key>
			<string>PBXGroup</string>
			<key>name</key>
			<string>Frameworks</string>
			<key>sourceTree</key>
			<string>&lt;group&gt;</string>
		</dict>
		<key>249C436518FFD739002FDC3F</key>
		<dict>
			<key>isa</key>
			<string>PBXFileReference</string>
			<key>lastKnownFileType</key>
			<string>wrapper.framework</string>
			<key>name</key>
			<string>Foundation.framework</string>
			<key>path</key>
			<string>System/Library/Frameworks/Foundation.framework</string>
			<key>sourceTree</key>
			<string>SDKROOT</string>
		</dict>
		<key>249C436618FFD739002FDC3F</key>
		<dict>
			<key>fileRef</key>
			<string>249C436518FFD739002FDC3F</string>
			<key>isa</key>
			<string>PBXBuildFile</string>
		</dict>
		<key>249C436718FFD739002FDC3F</key>
		<dict>
			<key>isa</key>
			<string>PBXFileReference</string>
			<key>lastKnownFileType</key>
			<string>wrapper.framework</string>
			<key>name</key>
			<string>CoreGraphics.framework</string>
			<key>path</key>
			<string>System/Library/Frameworks/CoreGraphics.framework</string>
			<key>sourceTree</key>
			<string>SDKROOT</string>
		</dict>
		<key>249C436818FFD739002FDC3F</key>
		<dict>
			<key>fileRef</key>
			<string>249C436718FFD739002FDC3F</string>
			<key>isa</key>
			<string>PBXBuildFile</string>
		</dict>
		<key>249C436918FFD739002FDC3F</key>
		<dict>
			<key>isa</key>
			<string>PBXFileReference</string>
			<key>lastKnownFileType</key>
			<string>wrapper.framework</string>
			<key>name</key>
			<string>UIKit.framework</string>
			<key>path</key>
			<string>System/Library/Frameworks/UIKit.framework</string>
			<key>sourceTree</key>
			<string>SDKROOT</string>
		</dict>
		<key>249C436A18FFD739002FDC3F</key>
		<dict>
			<key>fileRef</key>
			<string>249C436918FFD739002FDC3F</string>
			<key>isa</key>
			<string>PBXBuildFile</string>
		</dict>
		<key>249C436B18FFD739002FDC3F</key>
		<dict>
			<key>children</key>
			<array>
				<string>249C437418FFD739002FDC3F</string>
				<string>249C437518FFD739002FDC3F</string>
				<string>249C437718FFD739002FDC3F</string>
				<string>24E39161190A77E600871379</string>
				<string>24E39162190A77E600871379</string>
				<string>249C437A18FFD739002FDC3F</string>
				<string>249C437D18FFD739002FDC3F</string>
				<string>249C437E18FFD739002FDC3F</string>
				<string>249C438018FFD739002FDC3F</string>
				<string>249C436C18FFD739002FDC3F</string>
				<string>249C439F19001B59002FDC3F</string>
				<string>249C43A019001B59002FDC3F</string>
			</array>
			<key>isa</key>
			<string>PBXGroup</string>
			<key>path</key>
			<string>Calculator</string>
			<key>sourceTree</key>
			<string>&lt;group&gt;</string>
		</dict>
		<key>249C436C18FFD739002FDC3F</key>
		<dict>
			<key>children</key>
			<array>
				<string>249C436D18FFD739002FDC3F</string>
				<string>249C436E18FFD739002FDC3F</string>
				<string>249C437118FFD739002FDC3F</string>
				<string>249C437318FFD739002FDC3F</string>
			</array>
			<key>isa</key>
			<string>PBXGroup</string>
			<key>name</key>
			<string>Supporting Files</string>
			<key>sourceTree</key>
			<string>&lt;group&gt;</string>
		</dict>
		<key>249C436D18FFD739002FDC3F</key>
		<dict>
			<key>isa</key>
			<string>PBXFileReference</string>
			<key>lastKnownFileType</key>
			<string>text.plist.xml</string>
			<key>path</key>
			<string>Calculator-Info.plist</string>
			<key>sourceTree</key>
			<string>&lt;group&gt;</string>
		</dict>
		<key>249C436E18FFD739002FDC3F</key>
		<dict>
			<key>children</key>
			<array>
				<string>249C436F18FFD739002FDC3F</string>
			</array>
			<key>isa</key>
			<string>PBXVariantGroup</string>
			<key>name</key>
			<string>InfoPlist.strings</string>
			<key>sourceTree</key>
			<string>&lt;group&gt;</string>
		</dict>
		<key>249C436F18FFD739002FDC3F</key>
		<dict>
			<key>isa</key>
			<string>PBXFileReference</string>
			<key>lastKnownFileType</key>
			<string>text.plist.strings</string>
			<key>name</key>
			<string>en</string>
			<key>path</key>
			<string>en.lproj/InfoPlist.strings</string>
			<key>sourceTree</key>
			<string>&lt;group&gt;</string>
		</dict>
		<key>249C437018FFD739002FDC3F</key>
		<dict>
			<key>fileRef</key>
			<string>249C436E18FFD739002FDC3F</string>
			<key>isa</key>
			<string>PBXBuildFile</string>
		</dict>
		<key>249C437118FFD739002FDC3F</key>
		<dict>
			<key>isa</key>
			<string>PBXFileReference</string>
			<key>lastKnownFileType</key>
			<string>sourcecode.c.objc</string>
			<key>path</key>
			<string>main.m</string>
			<key>sourceTree</key>
			<string>&lt;group&gt;</string>
		</dict>
		<key>249C437218FFD739002FDC3F</key>
		<dict>
			<key>fileRef</key>
			<string>249C437118FFD739002FDC3F</string>
			<key>isa</key>
			<string>PBXBuildFile</string>
		</dict>
		<key>249C437318FFD739002FDC3F</key>
		<dict>
			<key>isa</key>
			<string>PBXFileReference</string>
			<key>lastKnownFileType</key>
			<string>sourcecode.c.h</string>
			<key>path</key>
			<string>Calculator-Prefix.pch</string>
			<key>sourceTree</key>
			<string>&lt;group&gt;</string>
		</dict>
		<key>249C437418FFD739002FDC3F</key>
		<dict>
			<key>isa</key>
			<string>PBXFileReference</string>
			<key>lastKnownFileType</key>
			<string>sourcecode.c.h</string>
			<key>path</key>
			<string>AppDelegate.h</string>
			<key>sourceTree</key>
			<string>&lt;group&gt;</string>
		</dict>
		<key>249C437518FFD739002FDC3F</key>
		<dict>
			<key>isa</key>
			<string>PBXFileReference</string>
			<key>lastKnownFileType</key>
			<string>sourcecode.c.objc</string>
			<key>path</key>
			<string>AppDelegate.m</string>
			<key>sourceTree</key>
			<string>&lt;group&gt;</string>
		</dict>
		<key>249C437618FFD739002FDC3F</key>
		<dict>
			<key>fileRef</key>
			<string>249C437518FFD739002FDC3F</string>
			<key>isa</key>
			<string>PBXBuildFile</string>
		</dict>
		<key>249C437718FFD739002FDC3F</key>
		<dict>
			<key>children</key>
			<array>
				<string>249C437818FFD739002FDC3F</string>
			</array>
			<key>isa</key>
			<string>PBXVariantGroup</string>
			<key>name</key>
			<string>Main_iPhone.storyboard</string>
			<key>sourceTree</key>
			<string>&lt;group&gt;</string>
		</dict>
		<key>249C437818FFD739002FDC3F</key>
		<dict>
			<key>isa</key>
			<string>PBXFileReference</string>
			<key>lastKnownFileType</key>
			<string>file.storyboard</string>
			<key>name</key>
			<string>Base</string>
			<key>path</key>
			<string>Base.lproj/Main_iPhone.storyboard</string>
			<key>sourceTree</key>
			<string>&lt;group&gt;</string>
		</dict>
		<key>249C437918FFD739002FDC3F</key>
		<dict>
			<key>fileRef</key>
			<string>249C437718FFD739002FDC3F</string>
			<key>isa</key>
			<string>PBXBuildFile</string>
		</dict>
		<key>249C437A18FFD739002FDC3F</key>
		<dict>
			<key>children</key>
			<array>
				<string>249C437B18FFD739002FDC3F</string>
			</array>
			<key>isa</key>
			<string>PBXVariantGroup</string>
			<key>name</key>
			<string>Main_iPad.storyboard</string>
			<key>sourceTree</key>
			<string>&lt;group&gt;</string>
		</dict>
		<key>249C437B18FFD739002FDC3F</key>
		<dict>
			<key>isa</key>
			<string>PBXFileReference</string>
			<key>lastKnownFileType</key>
			<string>file.storyboard</string>
			<key>name</key>
			<string>Base</string>
			<key>path</key>
			<string>Base.lproj/Main_iPad.storyboard</string>
			<key>sourceTree</key>
			<string>&lt;group&gt;</string>
		</dict>
		<key>249C437C18FFD739002FDC3F</key>
		<dict>
			<key>fileRef</key>
			<string>249C437A18FFD739002FDC3F</string>
			<key>isa</key>
			<string>PBXBuildFile</string>
		</dict>
		<key>249C437D18FFD739002FDC3F</key>
		<dict>
			<key>isa</key>
			<string>PBXFileReference</string>
			<key>lastKnownFileType</key>
			<string>sourcecode.c.h</string>
			<key>path</key>
			<string>ViewController.h</string>
			<key>sourceTree</key>
			<string>&lt;group&gt;</string>
		</dict>
		<key>249C437E18FFD739002FDC3F</key>
		<dict>
			<key>isa</key>
			<string>PBXFileReference</string>
			<key>lastKnownFileType</key>
			<string>sourcecode.c.objc</string>
			<key>path</key>
			<string>ViewController.m</string>
			<key>sourceTree</key>
			<string>&lt;group&gt;</string>
		</dict>
		<key>249C437F18FFD739002FDC3F</key>
		<dict>
			<key>fileRef</key>
			<string>249C437E18FFD739002FDC3F</string>
			<key>isa</key>
			<string>PBXBuildFile</string>
		</dict>
		<key>249C438018FFD739002FDC3F</key>
		<dict>
			<key>isa</key>
			<string>PBXFileReference</string>
			<key>lastKnownFileType</key>
			<string>folder.assetcatalog</string>
			<key>path</key>
			<string>Images.xcassets</string>
			<key>sourceTree</key>
			<string>&lt;group&gt;</string>
		</dict>
		<key>249C438118FFD739002FDC3F</key>
		<dict>
			<key>fileRef</key>
			<string>249C438018FFD739002FDC3F</string>
			<key>isa</key>
			<string>PBXBuildFile</string>
		</dict>
		<key>249C438218FFD739002FDC3F</key>
		<dict>
			<key>buildActionMask</key>
			<string>2147483647</string>
			<key>files</key>
			<array>
				<string>249C439E18FFDAB8002FDC3F</string>
			</array>
			<key>isa</key>
			<string>PBXSourcesBuildPhase</string>
			<key>runOnlyForDeploymentPostprocessing</key>
			<string>0</string>
		</dict>
		<key>249C438318FFD739002FDC3F</key>
		<dict>
			<key>buildActionMask</key>
			<string>2147483647</string>
			<key>files</key>
			<array>
				<string>249C438818FFD739002FDC3F</string>
				<string>249C438A18FFD739002FDC3F</string>
				<string>249C438918FFD739002FDC3F</string>
			</array>
			<key>isa</key>
			<string>PBXFrameworksBuildPhase</string>
			<key>runOnlyForDeploymentPostprocessing</key>
			<string>0</string>
		</dict>
		<key>249C438418FFD739002FDC3F</key>
		<dict>
			<key>buildActionMask</key>
			<string>2147483647</string>
			<key>files</key>
			<array>
				<string>249C439218FFD739002FDC3F</string>
			</array>
			<key>isa</key>
			<string>PBXResourcesBuildPhase</string>
			<key>runOnlyForDeploymentPostprocessing</key>
			<string>0</string>
		</dict>
		<key>249C438518FFD739002FDC3F</key>
		<dict>
			<key>buildConfigurationList</key>
			<string>249C439A18FFD739002FDC3F</string>
			<key>buildPhases</key>
			<array>
				<string>249C438218FFD739002FDC3F</string>
				<string>249C438318FFD739002FDC3F</string>
				<string>249C438418FFD739002FDC3F</string>
			</array>
			<key>buildRules</key>
			<array/>
			<key>dependencies</key>
			<array>
				<string>249C438C18FFD739002FDC3F</string>
			</array>
			<key>isa</key>
			<string>PBXNativeTarget</string>
			<key>name</key>
			<string>CalculatorTests</string>
			<key>productName</key>
			<string>CalculatorTests</string>
			<key>productReference</key>
			<string>249C438618FFD739002FDC3F</string>
			<key>productType</key>
			<string>com.apple.product-type.bundle.unit-test</string>
		</dict>
		<key>249C438618FFD739002FDC3F</key>
		<dict>
			<key>explicitFileType</key>
			<string>wrapper.cfbundle</string>
			<key>includeInIndex</key>
			<string>0</string>
			<key>isa</key>
			<string>PBXFileReference</string>
			<key>path</key>
			<string>CalculatorTests.xctest</string>
			<key>sourceTree</key>
			<string>BUILT_PRODUCTS_DIR</string>
		</dict>
		<key>249C438718FFD739002FDC3F</key>
		<dict>
			<key>isa</key>
			<string>PBXFileReference</string>
			<key>lastKnownFileType</key>
			<string>wrapper.framework</string>
			<key>name</key>
			<string>XCTest.framework</string>
			<key>path</key>
			<string>Library/Frameworks/XCTest.framework</string>
			<key>sourceTree</key>
			<string>DEVELOPER_DIR</string>
		</dict>
		<key>249C438818FFD739002FDC3F</key>
		<dict>
			<key>fileRef</key>
			<string>249C438718FFD739002FDC3F</string>
			<key>isa</key>
			<string>PBXBuildFile</string>
		</dict>
		<key>249C438918FFD739002FDC3F</key>
		<dict>
			<key>fileRef</key>
			<string>249C436518FFD739002FDC3F</string>
			<key>isa</key>
			<string>PBXBuildFile</string>
		</dict>
		<key>249C438A18FFD739002FDC3F</key>
		<dict>
			<key>fileRef</key>
			<string>249C436918FFD739002FDC3F</string>
			<key>isa</key>
			<string>PBXBuildFile</string>
		</dict>
		<key>249C438B18FFD739002FDC3F</key>
		<dict>
			<key>containerPortal</key>
			<string>249C435A18FFD739002FDC3F</string>
			<key>isa</key>
			<string>PBXContainerItemProxy</string>
			<key>proxyType</key>
			<string>1</string>
			<key>remoteGlobalIDString</key>
			<string>249C436118FFD739002FDC3F</string>
			<key>remoteInfo</key>
			<string>Calculator</string>
		</dict>
		<key>249C438C18FFD739002FDC3F</key>
		<dict>
			<key>isa</key>
			<string>PBXTargetDependency</string>
			<key>target</key>
			<string>249C436118FFD739002FDC3F</string>
			<key>targetProxy</key>
			<string>249C438B18FFD739002FDC3F</string>
		</dict>
		<key>249C438D18FFD739002FDC3F</key>
		<dict>
			<key>children</key>
			<array>
				<string>249C438E18FFD739002FDC3F</string>
				<string>249C439D18FFDAB8002FDC3F</string>
			</array>
			<key>isa</key>
			<string>PBXGroup</string>
			<key>path</key>
			<string>CalculatorTests</string>
			<key>sourceTree</key>
			<string>&lt;group&gt;</string>
		</dict>
		<key>249C438E18FFD739002FDC3F</key>
		<dict>
			<key>children</key>
			<array>
				<string>249C438F18FFD739002FDC3F</string>
				<string>249C439018FFD739002FDC3F</string>
			</array>
			<key>isa</key>
			<string>PBXGroup</string>
			<key>name</key>
			<string>Supporting Files</string>
			<key>sourceTree</key>
			<string>&lt;group&gt;</string>
		</dict>
		<key>249C438F18FFD739002FDC3F</key>
		<dict>
			<key>isa</key>
			<string>PBXFileReference</string>
			<key>lastKnownFileType</key>
			<string>text.plist.xml</string>
			<key>path</key>
			<string>CalculatorTests-Info.plist</string>
			<key>sourceTree</key>
			<string>&lt;group&gt;</string>
		</dict>
		<key>249C439018FFD739002FDC3F</key>
		<dict>
			<key>children</key>
			<array>
				<string>249C439118FFD739002FDC3F</string>
			</array>
			<key>isa</key>
			<string>PBXVariantGroup</string>
			<key>name</key>
			<string>InfoPlist.strings</string>
			<key>sourceTree</key>
			<string>&lt;group&gt;</string>
		</dict>
		<key>249C439118FFD739002FDC3F</key>
		<dict>
			<key>isa</key>
			<string>PBXFileReference</string>
			<key>lastKnownFileType</key>
			<string>text.plist.strings</string>
			<key>name</key>
			<string>en</string>
			<key>path</key>
			<string>en.lproj/InfoPlist.strings</string>
			<key>sourceTree</key>
			<string>&lt;group&gt;</string>
		</dict>
		<key>249C439218FFD739002FDC3F</key>
		<dict>
			<key>fileRef</key>
			<string>249C439018FFD739002FDC3F</string>
			<key>isa</key>
			<string>PBXBuildFile</string>
		</dict>
		<key>249C439518FFD739002FDC3F</key>
		<dict>
			<key>buildSettings</key>
			<dict>
				<key>ALWAYS_SEARCH_USER_PATHS</key>
				<string>NO</string>
				<key>ARCHS</key>
				<string>$(ARCHS_STANDARD_INCLUDING_64_BIT)</string>
				<key>CLANG_CXX_LANGUAGE_STANDARD</key>
				<string>gnu++0x</string>
				<key>CLANG_CXX_LIBRARY</key>
				<string>libc++</string>
				<key>CLANG_ENABLE_MODULES</key>
				<string>YES</string>
				<key>CLANG_ENABLE_OBJC_ARC</key>
				<string>YES</string>
				<key>CLANG_WARN_BOOL_CONVERSION</key>
				<string>YES</string>
				<key>CLANG_WARN_CONSTANT_CONVERSION</key>
				<string>YES</string>
				<key>CLANG_WARN_DIRECT_OBJC_ISA_USAGE</key>
				<string>YES_ERROR</string>
				<key>CLANG_WARN_EMPTY_BODY</key>
				<string>YES</string>
				<key>CLANG_WARN_ENUM_CONVERSION</key>
				<string>YES</string>
				<key>CLANG_WARN_INT_CONVERSION</key>
				<string>YES</string>
				<key>CLANG_WARN_OBJC_ROOT_CLASS</key>
				<string>YES_ERROR</string>
				<key>CLANG_WARN__DUPLICATE_METHOD_MATCH</key>
				<string>YES</string>
				<key>CODE_SIGN_IDENTITY[sdk=iphoneos*]</key>
				<string>iPhone Developer</string>
				<key>COPY_PHASE_STRIP</key>
				<string>NO</string>
				<key>GCC_C_LANGUAGE_STANDARD</key>
				<string>gnu99</string>
				<key>GCC_DYNAMIC_NO_PIC</key>
				<string>NO</string>
				<key>GCC_OPTIMIZATION_LEVEL</key>
				<string>0</string>
				<key>GCC_PREPROCESSOR_DEFINITIONS</key>
				<array>
					<string>DEBUG=1</string>
					<string>$(inherited)</string>
				</array>
				<key>GCC_SYMBOLS_PRIVATE_EXTERN</key>
				<string>NO</string>
				<key>GCC_WARN_64_TO_32_BIT_CONVERSION</key>
				<string>YES</string>
				<key>GCC_WARN_ABOUT_RETURN_TYPE</key>
				<string>YES_ERROR</string>
				<key>GCC_WARN_UNDECLARED_SELECTOR</key>
				<string>YES</string>
				<key>GCC_WARN_UNINITIALIZED_AUTOS</key>
				<string>YES</string>
				<key>GCC_WARN_UNUSED_FUNCTION</key>
				<string>YES</string>
				<key>GCC_WARN_UNUSED_VARIABLE</key>
				<string>YES</string>
				<key>IPHONEOS_DEPLOYMENT_TARGET</key>
				<string>7.0</string>
				<key>ONLY_ACTIVE_ARCH</key>
				<string>YES</string>
				<key>SDKROOT</key>
				<string>iphoneos</string>
				<key>TARGETED_DEVICE_FAMILY</key>
				<string>1,2</string>
			</dict>
			<key>isa</key>
			<string>XCBuildConfiguration</string>
			<key>name</key>
			<string>Debug</string>
		</dict>
		<key>249C439618FFD739002FDC3F</key>
		<dict>
			<key>buildSettings</key>
			<dict>
				<key>ALWAYS_SEARCH_USER_PATHS</key>
				<string>NO</string>
				<key>ARCHS</key>
				<string>$(ARCHS_STANDARD_INCLUDING_64_BIT)</string>
				<key>CLANG_CXX_LANGUAGE_STANDARD</key>
				<string>gnu++0x</string>
				<key>CLANG_CXX_LIBRARY</key>
				<string>libc++</string>
				<key>CLANG_ENABLE_MODULES</key>
				<string>YES</string>
				<key>CLANG_ENABLE_OBJC_ARC</key>
				<string>YES</string>
				<key>CLANG_WARN_BOOL_CONVERSION</key>
				<string>YES</string>
				<key>CLANG_WARN_CONSTANT_CONVERSION</key>
				<string>YES</string>
				<key>CLANG_WARN_DIRECT_OBJC_ISA_USAGE</key>
				<string>YES_ERROR</string>
				<key>CLANG_WARN_EMPTY_BODY</key>
				<string>YES</string>
				<key>CLANG_WARN_ENUM_CONVERSION</key>
				<string>YES</string>
				<key>CLANG_WARN_INT_CONVERSION</key>
				<string>YES</string>
				<key>CLANG_WARN_OBJC_ROOT_CLASS</key>
				<string>YES_ERROR</string>
				<key>CLANG_WARN__DUPLICATE_METHOD_MATCH</key>
				<string>YES</string>
				<key>CODE_SIGN_IDENTITY[sdk=iphoneos*]</key>
				<string>iPhone Developer</string>
				<key>COPY_PHASE_STRIP</key>
				<string>YES</string>
				<key>ENABLE_NS_ASSERTIONS</key>
				<string>NO</string>
				<key>GCC_C_LANGUAGE_STANDARD</key>
				<string>gnu99</string>
				<key>GCC_WARN_64_TO_32_BIT_CONVERSION</key>
				<string>YES</string>
				<key>GCC_WARN_ABOUT_RETURN_TYPE</key>
				<string>YES_ERROR</string>
				<key>GCC_WARN_UNDECLARED_SELECTOR</key>
				<string>YES</string>
				<key>GCC_WARN_UNINITIALIZED_AUTOS</key>
				<string>YES</string>
				<key>GCC_WARN_UNUSED_FUNCTION</key>
				<string>YES</string>
				<key>GCC_WARN_UNUSED_VARIABLE</key>
				<string>YES</string>
				<key>IPHONEOS_DEPLOYMENT_TARGET</key>
				<string>7.0</string>
				<key>SDKROOT</key>
				<string>iphoneos</string>
				<key>TARGETED_DEVICE_FAMILY</key>
				<string>1,2</string>
				<key>VALIDATE_PRODUCT</key>
				<string>YES</string>
			</dict>
			<key>isa</key>
			<string>XCBuildConfiguration</string>
			<key>name</key>
			<string>Release</string>
		</dict>
		<key>249C439718FFD739002FDC3F</key>
		<dict>
			<key>buildConfigurations</key>
			<array>
				<string>249C439818FFD739002FDC3F</string>
				<string>249C439918FFD739002FDC3F</string>
			</array>
			<key>defaultConfigurationIsVisible</key>
			<string>0</string>
			<key>defaultConfigurationName</key>
			<string>Release</string>
			<key>isa</key>
			<string>XCConfigurationList</string>
		</dict>
		<key>249C439818FFD739002FDC3F</key>
		<dict>
			<key>buildSettings</key>
			<dict>
				<key>ASSETCATALOG_COMPILER_APPICON_NAME</key>
				<string>AppIcon</string>
				<key>ASSETCATALOG_COMPILER_LAUNCHIMAGE_NAME</key>
				<string>LaunchImage</string>
				<key>GCC_PRECOMPILE_PREFIX_HEADER</key>
				<string>YES</string>
				<key>GCC_PREFIX_HEADER</key>
				<string>Calculator/Calculator-Prefix.pch</string>
				<key>INFOPLIST_FILE</key>
				<string>Calculator/Calculator-Info.plist</string>
				<key>LIBRARY_SEARCH_PATHS</key>
				<array>
					<string>$(inherited)</string>
					<string>$(FRANK_LIBRARY_SEARCH_PATHS)</string>
				</array>
				<key>OTHER_LDFLAGS</key>
				<array>
					<string>$(inherited)</string>
					<string>$(FRANK_LDFLAGS)</string>
				</array>
				<key>PRODUCT_NAME</key>
				<string>$(TARGET_NAME)</string>
				<key>WRAPPER_EXTENSION</key>
				<string>app</string>
			</dict>
			<key>isa</key>
			<string>XCBuildConfiguration</string>
			<key>name</key>
			<string>Debug</string>
		</dict>
		<key>249C439918FFD739002FDC3F</key>
		<dict>
			<key>buildSettings</key>
			<dict>
				<key>ASSETCATALOG_COMPILER_APPICON_NAME</key>
				<string>AppIcon</string>
				<key>ASSETCATALOG_COMPILER_LAUNCHIMAGE_NAME</key>
				<string>LaunchImage</string>
				<key>GCC_PRECOMPILE_PREFIX_HEADER</key>
				<string>YES</string>
				<key>GCC_PREFIX_HEADER</key>
				<string>Calculator/Calculator-Prefix.pch</string>
				<key>INFOPLIST_FILE</key>
				<string>Calculator/Calculator-Info.plist</string>
				<key>PRODUCT_NAME</key>
				<string>$(TARGET_NAME)</string>
				<key>WRAPPER_EXTENSION</key>
				<string>app</string>
			</dict>
			<key>isa</key>
			<string>XCBuildConfiguration</string>
			<key>name</key>
			<string>Release</string>
		</dict>
		<key>249C439A18FFD739002FDC3F</key>
		<dict>
			<key>buildConfigurations</key>
			<array>
				<string>249C439B18FFD739002FDC3F</string>
				<string>249C439C18FFD739002FDC3F</string>
			</array>
			<key>defaultConfigurationIsVisible</key>
			<string>0</string>
			<key>defaultConfigurationName</key>
			<string>Release</string>
			<key>isa</key>
			<string>XCConfigurationList</string>
		</dict>
		<key>249C439B18FFD739002FDC3F</key>
		<dict>
			<key>buildSettings</key>
			<dict>
				<key>ARCHS</key>
				<string>$(ARCHS_STANDARD_INCLUDING_64_BIT)</string>
				<key>BUNDLE_LOADER</key>
				<string>$(BUILT_PRODUCTS_DIR)/Calculator.app/Calculator</string>
				<key>FRAMEWORK_SEARCH_PATHS</key>
				<array>
					<string>$(SDKROOT)/Developer/Library/Frameworks</string>
					<string>$(inherited)</string>
					<string>$(DEVELOPER_FRAMEWORKS_DIR)</string>
				</array>
				<key>GCC_PRECOMPILE_PREFIX_HEADER</key>
				<string>YES</string>
				<key>GCC_PREFIX_HEADER</key>
				<string>Calculator/Calculator-Prefix.pch</string>
				<key>GCC_PREPROCESSOR_DEFINITIONS</key>
				<array>
					<string>DEBUG=1</string>
					<string>$(inherited)</string>
				</array>
				<key>INFOPLIST_FILE</key>
				<string>CalculatorTests/CalculatorTests-Info.plist</string>
				<key>PRODUCT_NAME</key>
				<string>$(TARGET_NAME)</string>
				<key>TEST_HOST</key>
				<string>$(BUNDLE_LOADER)</string>
				<key>WRAPPER_EXTENSION</key>
				<string>xctest</string>
			</dict>
			<key>isa</key>
			<string>XCBuildConfiguration</string>
			<key>name</key>
			<string>Debug</string>
		</dict>
		<key>249C439C18FFD739002FDC3F</key>
		<dict>
			<key>buildSettings</key>
			<dict>
				<key>ARCHS</key>
				<string>$(ARCHS_STANDARD_INCLUDING_64_BIT)</string>
				<key>BUNDLE_LOADER</key>
				<string>$(BUILT_PRODUCTS_DIR)/Calculator.app/Calculator</string>
				<key>FRAMEWORK_SEARCH_PATHS</key>
				<array>
					<string>$(SDKROOT)/Developer/Library/Frameworks</string>
					<string>$(inherited)</string>
					<string>$(DEVELOPER_FRAMEWORKS_DIR)</string>
				</array>
				<key>GCC_PRECOMPILE_PREFIX_HEADER</key>
				<string>YES</string>
				<key>GCC_PREFIX_HEADER</key>
				<string>Calculator/Calculator-Prefix.pch</string>
				<key>INFOPLIST_FILE</key>
				<string>CalculatorTests/CalculatorTests-Info.plist</string>
				<key>PRODUCT_NAME</key>
				<string>$(TARGET_NAME)</string>
				<key>TEST_HOST</key>
				<string>$(BUNDLE_LOADER)</string>
				<key>WRAPPER_EXTENSION</key>
				<string>xctest</string>
			</dict>
			<key>isa</key>
			<string>XCBuildConfiguration</string>
			<key>name</key>
			<string>Release</string>
		</dict>
		<key>249C439D18FFDAB8002FDC3F</key>
		<dict>
			<key>fileEncoding</key>
			<string>4</string>
			<key>isa</key>
			<string>PBXFileReference</string>
			<key>lastKnownFileType</key>
			<string>sourcecode.c.objc</string>
			<key>path</key>
			<string>CalculatorTest.m</string>
			<key>sourceTree</key>
			<string>&lt;group&gt;</string>
		</dict>
		<key>249C439E18FFDAB8002FDC3F</key>
		<dict>
			<key>fileRef</key>
			<string>249C439D18FFDAB8002FDC3F</string>
			<key>isa</key>
			<string>PBXBuildFile</string>
		</dict>
		<key>249C439F19001B59002FDC3F</key>
		<dict>
			<key>fileEncoding</key>
			<string>4</string>
			<key>isa</key>
			<string>PBXFileReference</string>
			<key>lastKnownFileType</key>
			<string>sourcecode.c.h</string>
			<key>path</key>
			<string>Calculator.h</string>
			<key>sourceTree</key>
			<string>&lt;group&gt;</string>
		</dict>
		<key>249C43A019001B59002FDC3F</key>
		<dict>
			<key>fileEncoding</key>
			<string>4</string>
			<key>isa</key>
			<string>PBXFileReference</string>
			<key>lastKnownFileType</key>
			<string>sourcecode.c.objc</string>
			<key>path</key>
			<string>Calculator.m</string>
			<key>sourceTree</key>
			<string>&lt;group&gt;</string>
		</dict>
		<key>249C43A119001B59002FDC3F</key>
		<dict>
			<key>fileRef</key>
			<string>249C43A019001B59002FDC3F</string>
			<key>isa</key>
			<string>PBXBuildFile</string>
		</dict>
		<key>24E39161190A77E600871379</key>
		<dict>
			<key>fileEncoding</key>
			<string>4</string>
			<key>isa</key>
			<string>PBXFileReference</string>
			<key>lastKnownFileType</key>
			<string>sourcecode.c.h</string>
			<key>path</key>
			<string>ViewController2ViewController.h</string>
			<key>sourceTree</key>
			<string>&lt;group&gt;</string>
		</dict>
		<key>24E39162190A77E600871379</key>
		<dict>
			<key>fileEncoding</key>
			<string>4</string>
			<key>isa</key>
			<string>PBXFileReference</string>
			<key>lastKnownFileType</key>
			<string>sourcecode.c.objc</string>
			<key>path</key>
			<string>ViewController2ViewController.m</string>
			<key>sourceTree</key>
			<string>&lt;group&gt;</string>
		</dict>
		<key>24E39163190A77E600871379</key>
		<dict>
			<key>fileRef</key>
			<string>24E39162190A77E600871379</string>
			<key>isa</key>
			<string>PBXBuildFile</string>
		</dict>
	</dict>
	<key>rootObject</key>
	<string>249C435A18FFD739002FDC3F</string>
</dict>
</plist>
